
Microsoft Visual Studio Solution File, Format Version 12.00
# Visual Studio 15
VisualStudioVersion = 15.0.27703.2026
MinimumVisualStudioVersion = 10.0.40219.1
Project("{FAE04EC0-301F-11D3-BF4B-00C04F79EFBC}") = "hzcl.swb", "hzcl.swb\hzcl.swb.csproj", "{ACFC60B7-EA4F-4EE7-9C9A-85AAC10DEFB2}"
EndProject
Project("{FAE04EC0-301F-11D3-BF4B-00C04F79EFBC}") = "WebApplication1", "WebApplication1\WebApplication1.csproj", "{24600D44-97B8-4D05-B0CC-C7E37CD5CA02}"
EndProject
Project("{FAE04EC0-301F-11D3-BF4B-00C04F79EFBC}") = "hzcl.swb.Model", "hzcl.swb.Model\hzcl.swb.Model.csproj", "{9FA78268-5D21-4DC3-A56C-BCC19DB00F6E}"
EndProject
Project("{FAE04EC0-301F-11D3-BF4B-00C04F79EFBC}") = "hzcl.swb.DAL", "hzcl.swb.DAL\hzcl.swb.DAL.csproj", "{CFDC1952-9DB5-47CD-80DE-2713CE2EE1AD}"
EndProject
Project("{FAE04EC0-301F-11D3-BF4B-00C04F79EFBC}") = "hzcl.swb.BLL", "hzcl.swb.BLL\hzcl.swb.BLL.csproj", "{7163B387-EF24-48B5-B94A-FA63FB4982EA}"
EndProject
Global
	GlobalSection(SolutionConfigurationPlatforms) = preSolution
		Debug|Any CPU = Debug|Any CPU
		Release|Any CPU = Release|Any CPU
	EndGlobalSection
	GlobalSection(ProjectConfigurationPlatforms) = postSolution
		{ACFC60B7-EA4F-4EE7-9C9A-85AAC10DEFB2}.Debug|Any CPU.ActiveCfg = Debug|Any CPU
		{ACFC60B7-EA4F-4EE7-9C9A-85AAC10DEFB2}.Debug|Any CPU.Build.0 = Debug|Any CPU
		{ACFC60B7-EA4F-4EE7-9C9A-85AAC10DEFB2}.Release|Any CPU.ActiveCfg = Release|Any CPU
		{ACFC60B7-EA4F-4EE7-9C9A-85AAC10DEFB2}.Release|Any CPU.Build.0 = Release|Any CPU
		{24600D44-97B8-4D05-B0CC-C7E37CD5CA02}.Debug|Any CPU.ActiveCfg = Debug|Any CPU
		{24600D44-97B8-4D05-B0CC-C7E37CD5CA02}.Debug|Any CPU.Build.0 = Debug|Any CPU
		{24600D44-97B8-4D05-B0CC-C7E37CD5CA02}.Release|Any CPU.ActiveCfg = Release|Any CPU
		{24600D44-97B8-4D05-B0CC-C7E37CD5CA02}.Release|Any CPU.Build.0 = Release|Any CPU
		{9FA78268-5D21-4DC3-A56C-BCC19DB00F6E}.Debug|Any CPU.ActiveCfg = Debug|Any CPU
		{9FA78268-5D21-4DC3-A56C-BCC19DB00F6E}.Debug|Any CPU.Build.0 = Debug|Any CPU
		{9FA78268-5D21-4DC3-A56C-BCC19DB00F6E}.Release|Any CPU.ActiveCfg = Release|Any CPU
		{9FA78268-5D21-4DC3-A56C-BCC19DB00F6E}.Release|Any CPU.Build.0 = Release|Any CPU
		{CFDC1952-9DB5-47CD-80DE-2713CE2EE1AD}.Debug|Any CPU.ActiveCfg = Debug|Any CPU
		{CFDC1952-9DB5-47CD-80DE-2713CE2EE1AD}.Debug|Any CPU.Build.0 = Debug|Any CPU
		{CFDC1952-9DB5-47CD-80DE-2713CE2EE1AD}.Release|Any CPU.ActiveCfg = Release|Any CPU
		{CFDC1952-9DB5-47CD-80DE-2713CE2EE1AD}.Release|Any CPU.Build.0 = Release|Any CPU
		{7163B387-EF24-48B5-B94A-FA63FB4982EA}.Debug|Any CPU.ActiveCfg = Debug|Any CPU
		{7163B387-EF24-48B5-B94A-FA63FB4982EA}.Debug|Any CPU.Build.0 = Debug|Any CPU
		{7163B387-EF24-48B5-B94A-FA63FB4982EA}.Release|Any CPU.ActiveCfg = Release|Any CPU
		{7163B387-EF24-48B5-B94A-FA63FB4982EA}.Release|Any CPU.Build.0 = Release|Any CPU
	EndGlobalSection
	GlobalSection(SolutionProperties) = preSolution
		HideSolutionNode = FALSE
	EndGlobalSection
	GlobalSection(ExtensibilityGlobals) = postSolution
		SolutionGuid = {F010888B-09B6-4B82-94C5-AF6E1D8DA437}
	EndGlobalSection
EndGlobal
